
Microsoft Visual Studio Solution File, Format Version 12.00
# Visual Studio Version 16
VisualStudioVersion = 16.0.31613.86
MinimumVisualStudioVersion = 10.0.40219.1
Project("{9A19103F-16F7-4668-BE54-9A1E7A4F7556}") = "IdentityServer", "IdentityServer.csproj", "{E8E21E6F-D91F-4A77-8713-6CC0E531B98C}"
EndProject
Project("{9A19103F-16F7-4668-BE54-9A1E7A4F7556}") = "ApiOne", "..\ApiOne\ApiOne.csproj", "{23DF089E-EA8E-424D-9B15-8F442F0258C7}"
EndProject
Project("{9A19103F-16F7-4668-BE54-9A1E7A4F7556}") = "ApiTwo", "..\ApiTwo\ApiTwo.csproj", "{C1E5B234-7F90-4194-9735-14C1D99E764E}"
EndProject
Project("{9A19103F-16F7-4668-BE54-9A1E7A4F7556}") = "MvcClient", "..\MvcClient\MvcClient.csproj", "{648A17FA-146A-46A6-B882-3EC235E7578C}"
EndProject
Project("{FAE04EC0-301F-11D3-BF4B-00C04F79EFBC}") = "PharmacyApi", "..\PharmacyApi\PharmacyApi.csproj", "{2CBFA57F-602C-46D3-853D-C69938B4D828}"
EndProject
Global
	GlobalSection(SolutionConfigurationPlatforms) = preSolution
		Debug|Any CPU = Debug|Any CPU
		Release|Any CPU = Release|Any CPU
	EndGlobalSection
	GlobalSection(ProjectConfigurationPlatforms) = postSolution
		{E8E21E6F-D91F-4A77-8713-6CC0E531B98C}.Debug|Any CPU.ActiveCfg = Debug|Any CPU
		{E8E21E6F-D91F-4A77-8713-6CC0E531B98C}.Debug|Any CPU.Build.0 = Debug|Any CPU
		{E8E21E6F-D91F-4A77-8713-6CC0E531B98C}.Release|Any CPU.ActiveCfg = Release|Any CPU
		{E8E21E6F-D91F-4A77-8713-6CC0E531B98C}.Release|Any CPU.Build.0 = Release|Any CPU
		{23DF089E-EA8E-424D-9B15-8F442F0258C7}.Debug|Any CPU.ActiveCfg = Debug|Any CPU
		{23DF089E-EA8E-424D-9B15-8F442F0258C7}.Debug|Any CPU.Build.0 = Debug|Any CPU
		{23DF089E-EA8E-424D-9B15-8F442F0258C7}.Release|Any CPU.ActiveCfg = Release|Any CPU
		{23DF089E-EA8E-424D-9B15-8F442F0258C7}.Release|Any CPU.Build.0 = Release|Any CPU
		{C1E5B234-7F90-4194-9735-14C1D99E764E}.Debug|Any CPU.ActiveCfg = Debug|Any CPU
		{C1E5B234-7F90-4194-9735-14C1D99E764E}.Debug|Any CPU.Build.0 = Debug|Any CPU
		{C1E5B234-7F90-4194-9735-14C1D99E764E}.Release|Any CPU.ActiveCfg = Release|Any CPU
		{C1E5B234-7F90-4194-9735-14C1D99E764E}.Release|Any CPU.Build.0 = Release|Any CPU
		{648A17FA-146A-46A6-B882-3EC235E7578C}.Debug|Any CPU.ActiveCfg = Debug|Any CPU
		{648A17FA-146A-46A6-B882-3EC235E7578C}.Debug|Any CPU.Build.0 = Debug|Any CPU
		{648A17FA-146A-46A6-B882-3EC235E7578C}.Release|Any CPU.ActiveCfg = Release|Any CPU
		{648A17FA-146A-46A6-B882-3EC235E7578C}.Release|Any CPU.Build.0 = Release|Any CPU
		{2CBFA57F-602C-46D3-853D-C69938B4D828}.Debug|Any CPU.ActiveCfg = Debug|Any CPU
		{2CBFA57F-602C-46D3-853D-C69938B4D828}.Debug|Any CPU.Build.0 = Debug|Any CPU
		{2CBFA57F-602C-46D3-853D-C69938B4D828}.Release|Any CPU.ActiveCfg = Release|Any CPU
		{2CBFA57F-602C-46D3-853D-C69938B4D828}.Release|Any CPU.Build.0 = Release|Any CPU
	EndGlobalSection
	GlobalSection(SolutionProperties) = preSolution
		HideSolutionNode = FALSE
	EndGlobalSection
	GlobalSection(ExtensibilityGlobals) = postSolution
		SolutionGuid = {1204F704-1DA5-4077-B045-9B6A10B128F9}
	EndGlobalSection
EndGlobal
